
Microsoft Visual Studio Solution File, Format Version 12.00
# Visual Studio Version 16
VisualStudioVersion = 16.0.30114.105
MinimumVisualStudioVersion = 10.0.40219.1
Project("{FAE04EC0-301F-11D3-BF4B-00C04F79EFBC}") = "Oracle", "Oracle.csproj", "{5DDED5E6-0684-4974-84D8-C5F8F184AE62}"
EndProject
Global
	GlobalSection(SolutionConfigurationPlatforms) = preSolution
		Debug|Any CPU = Debug|Any CPU
		Release|Any CPU = Release|Any CPU
	EndGlobalSection
	GlobalSection(ProjectConfigurationPlatforms) = postSolution
		{5DDED5E6-0684-4974-84D8-C5F8F184AE62}.Debug|Any CPU.ActiveCfg = Debug|Any CPU
		{5DDED5E6-0684-4974-84D8-C5F8F184AE62}.Debug|Any CPU.Build.0 = Debug|Any CPU
		{5DDED5E6-0684-4974-84D8-C5F8F184AE62}.Release|Any CPU.ActiveCfg = Release|Any CPU
		{5DDED5E6-0684-4974-84D8-C5F8F184AE62}.Release|Any CPU.Build.0 = Release|Any CPU
	EndGlobalSection
	GlobalSection(SolutionProperties) = preSolution
		HideSolutionNode = FALSE
	EndGlobalSection
	GlobalSection(ExtensibilityGlobals) = postSolution
		SolutionGuid = {2C3ED7E7-B2B0-407E-ABA1-E5A209033982}
	EndGlobalSection
EndGlobal
